
Microsoft Visual Studio Solution File, Format Version 12.00
# Visual Studio 2012
Project("{FAE04EC0-301F-11D3-BF4B-00C04F79EFBC}") = "Feedr", "Feedr\Feedr.csproj", "{C237B6FC-E5FF-40FC-A8E6-B222D77A4CAC}"
EndProject
Global
	GlobalSection(SolutionConfigurationPlatforms) = preSolution
		Debug|Any CPU = Debug|Any CPU
		Release|Any CPU = Release|Any CPU
	EndGlobalSection
	GlobalSection(ProjectConfigurationPlatforms) = postSolution
		{C237B6FC-E5FF-40FC-A8E6-B222D77A4CAC}.Debug|Any CPU.ActiveCfg = Debug|Any CPU
		{C237B6FC-E5FF-40FC-A8E6-B222D77A4CAC}.Debug|Any CPU.Build.0 = Debug|Any CPU
		{C237B6FC-E5FF-40FC-A8E6-B222D77A4CAC}.Release|Any CPU.ActiveCfg = Release|Any CPU
		{C237B6FC-E5FF-40FC-A8E6-B222D77A4CAC}.Release|Any CPU.Build.0 = Release|Any CPU
	EndGlobalSection
EndGlobal
